
Microsoft Visual Studio Solution File, Format Version 12.00
# Visual Studio Version 17
VisualStudioVersion = 17.3.32819.101
MinimumVisualStudioVersion = 10.0.40219.1
Project("{FAE04EC0-301F-11D3-BF4B-00C04F79EFBC}") = "PK15", "PK15.csproj", "{7311996C-D366-4842-86AC-C262756E56A1}"
EndProject
Global
	GlobalSection(SolutionConfigurationPlatforms) = preSolution
		Debug|Any CPU = Debug|Any CPU
		Release|Any CPU = Release|Any CPU
	EndGlobalSection
	GlobalSection(ProjectConfigurationPlatforms) = postSolution
		{7311996C-D366-4842-86AC-C262756E56A1}.Debug|Any CPU.ActiveCfg = Debug|Any CPU
		{7311996C-D366-4842-86AC-C262756E56A1}.Debug|Any CPU.Build.0 = Debug|Any CPU
		{7311996C-D366-4842-86AC-C262756E56A1}.Release|Any CPU.ActiveCfg = Release|Any CPU
		{7311996C-D366-4842-86AC-C262756E56A1}.Release|Any CPU.Build.0 = Release|Any CPU
	EndGlobalSection
	GlobalSection(SolutionProperties) = preSolution
		HideSolutionNode = FALSE
	EndGlobalSection
	GlobalSection(ExtensibilityGlobals) = postSolution
		SolutionGuid = {24FC6C6A-5014-4983-A800-69B1B38CC930}
	EndGlobalSection
EndGlobal
